
Microsoft Visual Studio Solution File, Format Version 12.00
# Visual Studio Version 17
VisualStudioVersion = 17.3.32811.315
MinimumVisualStudioVersion = 10.0.40219.1
Project("{9A19103F-16F7-4668-BE54-9A1E7A4F7556}") = "Proxy", "Proxy\Proxy.csproj", "{50CF913D-596E-46A8-82FB-C5A9F588A770}"
EndProject
Project("{9A19103F-16F7-4668-BE54-9A1E7A4F7556}") = "Flyweight", "Flyweight\Flyweight.csproj", "{B4A6F5B1-656C-4774-B4CB-EEDF1BEEAE04}"
EndProject
Project("{9A19103F-16F7-4668-BE54-9A1E7A4F7556}") = "Facade", "Facade\Facade.csproj", "{CAC01D9E-8A26-42B3-BFAC-29130B2C7ACB}"
EndProject
Project("{9A19103F-16F7-4668-BE54-9A1E7A4F7556}") = "Document", "Command\Document.csproj", "{3EB7B123-7820-42D2-9013-B611142D102C}"
EndProject
Project("{9A19103F-16F7-4668-BE54-9A1E7A4F7556}") = "Company", "Composit\Company.csproj", "{8B3AB59E-A626-43A3-A845-AA4868C0FFE8}"
EndProject
Project("{9A19103F-16F7-4668-BE54-9A1E7A4F7556}") = "Prototype", "Prototype\Prototype.csproj", "{23C32E8D-CC46-4869-A880-396E5CEC9125}"
EndProject
Project("{9A19103F-16F7-4668-BE54-9A1E7A4F7556}") = "Clone", "Clone\Clone.csproj", "{65E2EF9E-0959-46BC-934C-0CF49D017445}"
EndProject
Project("{9A19103F-16F7-4668-BE54-9A1E7A4F7556}") = "Message", "Bridge\Message.csproj", "{14AA1A81-0E99-4069-A365-3747F08C38CB}"
EndProject
Project("{9A19103F-16F7-4668-BE54-9A1E7A4F7556}") = "ATM", "ChainResponsibility\ATM.csproj", "{8C4E3E95-BC8A-4EC3-8046-2B3BDF2C1C07}"
EndProject
Project("{9A19103F-16F7-4668-BE54-9A1E7A4F7556}") = "Compression", "Strategy\Compression.csproj", "{95756848-E357-4EDC-B171-AFF8349AF754}"
EndProject
Project("{9A19103F-16F7-4668-BE54-9A1E7A4F7556}") = "Mediator", "Mediator\Mediator.csproj", "{5109EA67-1EBB-4CCC-AC23-C08D98997381}"
EndProject
Project("{9A19103F-16F7-4668-BE54-9A1E7A4F7556}") = "Coffee", "Template\Coffee.csproj", "{B531E1F3-6BEB-435F-B69E-05237E976201}"
EndProject
Project("{9A19103F-16F7-4668-BE54-9A1E7A4F7556}") = "Visitor", "Visitor\Visitor.csproj", "{A0D864C7-D79F-46D9-A861-56F62C7C154A}"
EndProject
Project("{9A19103F-16F7-4668-BE54-9A1E7A4F7556}") = "Observer", "Observers\Observer.csproj", "{52665EE3-8E73-4A68-9B67-AD8F44D86F77}"
EndProject
Project("{9A19103F-16F7-4668-BE54-9A1E7A4F7556}") = "Factory", "Factory\Factory.csproj", "{25E2721B-499E-4449-BAB0-E765DA39B253}"
EndProject
Project("{9A19103F-16F7-4668-BE54-9A1E7A4F7556}") = "Fluent", "Fluent\Fluent.csproj", "{E48D8987-9837-4AC5-8F78-DE20490FD76E}"
EndProject
Project("{2150E333-8FDC-42A3-9474-1A3956D46DE8}") = "Creational", "Creational", "{838002F4-A8C4-43AE-9C1B-9304832F54B2}"
EndProject
Project("{2150E333-8FDC-42A3-9474-1A3956D46DE8}") = "Structural", "Structural", "{7D4885CC-30D8-4261-853B-D06F10B0CDB0}"
EndProject
Project("{2150E333-8FDC-42A3-9474-1A3956D46DE8}") = "Behavioral", "Behavioral", "{4BD1CD73-89CD-48B7-965D-FC142842255E}"
EndProject
Project("{9A19103F-16F7-4668-BE54-9A1E7A4F7556}") = "Beverage", "Builder\Beverage.csproj", "{8F51D866-9C92-446D-8309-4B3684AB7844}"
EndProject
Project("{9A19103F-16F7-4668-BE54-9A1E7A4F7556}") = "Decorator", "Decorator\Decorator.csproj", "{A1163CC7-DD1F-4FDA-A403-24E19F98AE35}"
EndProject
Project("{9A19103F-16F7-4668-BE54-9A1E7A4F7556}") = "ATM", "States\ATM.csproj", "{139ACAF6-60D7-4F55-B756-4E6AC4CA3782}"
EndProject
Project("{2150E333-8FDC-42A3-9474-1A3956D46DE8}") = "States", "States", "{E37175F7-FE53-41FB-8033-C2F349D8BB92}"
EndProject
Project("{9A19103F-16F7-4668-BE54-9A1E7A4F7556}") = "TV", "TV\TV.csproj", "{2F45C71F-F345-4291-A551-E50964604BAE}"
EndProject
Project("{9A19103F-16F7-4668-BE54-9A1E7A4F7556}") = "Interpreter", "Interpreter\Interpreter.csproj", "{8CD6B30B-200C-4D3C-8258-9B01BE87E480}"
EndProject
Project("{9A19103F-16F7-4668-BE54-9A1E7A4F7556}") = "Employees", "Adaptor\Employees.csproj", "{1FD22B42-8421-4124-94FC-37B4808570EB}"
EndProject
Project("{2150E333-8FDC-42A3-9474-1A3956D46DE8}") = "Singleton", "Singleton", "{4F677DD1-3214-455A-B9A5-0E463B8B6433}"
EndProject
Project("{9A19103F-16F7-4668-BE54-9A1E7A4F7556}") = "AbstractFactory", "AbstractFactory\AbstractFactory.csproj", "{18F0DC14-17D2-454C-B8D7-24BC1EA31458}"
EndProject
Project("{2150E333-8FDC-42A3-9474-1A3956D46DE8}") = "Factory", "Factory", "{7DEF4F3B-B21C-4E50-8AE5-CD6001D2D00A}"
EndProject
Project("{2150E333-8FDC-42A3-9474-1A3956D46DE8}") = "Bridge", "Bridge", "{889E9790-AAB6-42EF-8C70-DEBB073F1E49}"
EndProject
Project("{2150E333-8FDC-42A3-9474-1A3956D46DE8}") = "Composit", "Composit", "{661A98C2-220A-4025-AE74-3E4024617175}"
EndProject
Project("{9A19103F-16F7-4668-BE54-9A1E7A4F7556}") = "FileSystem", "FileSystemComposit\FileSystem.csproj", "{2C1EDAC6-8F60-4925-AB38-AD8CA8F7DA3F}"
EndProject
Project("{2150E333-8FDC-42A3-9474-1A3956D46DE8}") = "Template", "Template", "{B9B65E05-9F22-4FC2-A067-D191F59F4D79}"
EndProject
Project("{9A19103F-16F7-4668-BE54-9A1E7A4F7556}") = "Building", "BuildingTemplate\Building.csproj", "{D5F6332B-4603-4411-90F4-14414E68918A}"
EndProject
Project("{2150E333-8FDC-42A3-9474-1A3956D46DE8}") = "Adaptor", "Adaptor", "{71616963-EE8F-4CE9-9CA4-30F56BE57CD5}"
EndProject
Project("{9A19103F-16F7-4668-BE54-9A1E7A4F7556}") = "Speakers", "Speakers\Speakers.csproj", "{72695E66-CCE4-46CF-BB76-4C9F5E2D0C88}"
EndProject
Project("{9A19103F-16F7-4668-BE54-9A1E7A4F7556}") = "Cache", "Cache\Cache.csproj", "{D9D1CE19-8152-41B5-ABD5-62FC68EDAED7}"
EndProject
Project("{2150E333-8FDC-42A3-9474-1A3956D46DE8}") = "ChainOfResponsibility", "ChainOfResponsibility", "{48445C55-FEC1-4088-A0C7-764B944FE1F4}"
EndProject
Project("{9A19103F-16F7-4668-BE54-9A1E7A4F7556}") = "Plain", "Plain\Plain.csproj", "{5EFF0BEA-12C3-4CF0-B48F-48F1B8B680D1}"
EndProject
Project("{2150E333-8FDC-42A3-9474-1A3956D46DE8}") = "Builder", "Builder", "{7E478FD2-890D-46F9-885A-A25E1B0DF92E}"
EndProject
Project("{9A19103F-16F7-4668-BE54-9A1E7A4F7556}") = "Reports", "Report\Reports.csproj", "{504D405B-BBA3-4ADC-A143-FBEBBEDA0140}"
EndProject
Project("{9A19103F-16F7-4668-BE54-9A1E7A4F7556}") = "Memento", "Memento\Memento.csproj", "{A854CDD9-7AD9-48EB-960F-4580D5BC2BD4}"
EndProject
Project("{9A19103F-16F7-4668-BE54-9A1E7A4F7556}") = "Iterator", "Iterator\Iterator.csproj", "{7FD32437-C996-4BE8-A17F-9B64DE13FAF6}"
EndProject
Project("{2150E333-8FDC-42A3-9474-1A3956D46DE8}") = "Strategy", "Strategy", "{2863D4F1-C879-482A-B0C4-A81D5A53C5E5}"
EndProject
Project("{9A19103F-16F7-4668-BE54-9A1E7A4F7556}") = "Travel", "Travel\Travel.csproj", "{F4F29A89-3DE4-4CBC-8976-F1247003FCC2}"
EndProject
Project("{2150E333-8FDC-42A3-9474-1A3956D46DE8}") = "Command", "Command", "{08F3AD36-3BB0-48B4-BFC6-1A8728F9A256}"
EndProject
Project("{2150E333-8FDC-42A3-9474-1A3956D46DE8}") = "Proxy", "Proxy", "{6A7BEE2B-C7C1-407C-9759-AF89317CBCDD}"
EndProject
Project("{9A19103F-16F7-4668-BE54-9A1E7A4F7556}") = "Game", "Game\Game.csproj", "{1B395B9A-2037-4337-AA2C-7E7ECA3709B3}"
EndProject
Project("{2150E333-8FDC-42A3-9474-1A3956D46DE8}") = "Iterator", "Iterator", "{DADC14FC-6BEC-4F7C-AE9F-2805A5B390D0}"
EndProject
Project("{9A19103F-16F7-4668-BE54-9A1E7A4F7556}") = "Enumerable", "Enumerable\Enumerable.csproj", "{870096C2-8662-4E8B-A4D7-BCDBD29FBC72}"
EndProject
Project("{2150E333-8FDC-42A3-9474-1A3956D46DE8}") = "Mediator", "Mediator", "{C39A93D0-485B-4736-9582-888D5C2D24F3}"
EndProject
Project("{2150E333-8FDC-42A3-9474-1A3956D46DE8}") = "Prototype", "Prototype", "{31736029-8CDE-4357-9637-C5C5C8BB8490}"
EndProject
Project("{2150E333-8FDC-42A3-9474-1A3956D46DE8}") = "Interpreter", "Interpreter", "{C520D524-B5C6-4A06-B0C7-5A9EB08C2304}"
EndProject
Project("{9A19103F-16F7-4668-BE54-9A1E7A4F7556}") = "Console Interpreter", "Automaton\Console Interpreter.csproj", "{C923AFF3-3C6D-4EA1-A687-54694264092C}"
EndProject
Project("{2150E333-8FDC-42A3-9474-1A3956D46DE8}") = "Observer", "Observer", "{B3A99F30-2AAB-452E-98B0-85AF2B78EC9E}"
EndProject
Project("{9A19103F-16F7-4668-BE54-9A1E7A4F7556}") = "Event Observer", "Event Observer\Event Observer.csproj", "{081C6B45-C7BA-4289-BC8A-2A5613349432}"
EndProject
Project("{9A19103F-16F7-4668-BE54-9A1E7A4F7556}") = "Ordinance", "Ordinance\Ordinance.csproj", "{50C8BCF3-EFB8-4394-8A95-668FF7C2D732}"
EndProject
Project("{2150E333-8FDC-42A3-9474-1A3956D46DE8}") = "Visitor", "Visitor", "{48663A31-A435-4EFB-B994-A9AECD7286C4}"
EndProject
Project("{9A19103F-16F7-4668-BE54-9A1E7A4F7556}") = "Pattern Visitor", "Pattern Visitor\Pattern Visitor.csproj", "{117B9551-739D-4B55-B744-A15AC3BD9E7C}"
EndProject
Project("{9A19103F-16F7-4668-BE54-9A1E7A4F7556}") = "HelperLib", "HelperLib\HelperLib.csproj", "{977EBCE4-B151-4AF0-AF7E-D55FC5843773}"
EndProject
Global
	GlobalSection(SolutionConfigurationPlatforms) = preSolution
		Debug|Any CPU = Debug|Any CPU
		Release|Any CPU = Release|Any CPU
	EndGlobalSection
	GlobalSection(ProjectConfigurationPlatforms) = postSolution
		{50CF913D-596E-46A8-82FB-C5A9F588A770}.Debug|Any CPU.ActiveCfg = Debug|Any CPU
		{50CF913D-596E-46A8-82FB-C5A9F588A770}.Debug|Any CPU.Build.0 = Debug|Any CPU
		{50CF913D-596E-46A8-82FB-C5A9F588A770}.Release|Any CPU.ActiveCfg = Release|Any CPU
		{50CF913D-596E-46A8-82FB-C5A9F588A770}.Release|Any CPU.Build.0 = Release|Any CPU
		{B4A6F5B1-656C-4774-B4CB-EEDF1BEEAE04}.Debug|Any CPU.ActiveCfg = Debug|Any CPU
		{B4A6F5B1-656C-4774-B4CB-EEDF1BEEAE04}.Debug|Any CPU.Build.0 = Debug|Any CPU
		{B4A6F5B1-656C-4774-B4CB-EEDF1BEEAE04}.Release|Any CPU.ActiveCfg = Release|Any CPU
		{B4A6F5B1-656C-4774-B4CB-EEDF1BEEAE04}.Release|Any CPU.Build.0 = Release|Any CPU
		{CAC01D9E-8A26-42B3-BFAC-29130B2C7ACB}.Debug|Any CPU.ActiveCfg = Debug|Any CPU
		{CAC01D9E-8A26-42B3-BFAC-29130B2C7ACB}.Debug|Any CPU.Build.0 = Debug|Any CPU
		{CAC01D9E-8A26-42B3-BFAC-29130B2C7ACB}.Release|Any CPU.ActiveCfg = Release|Any CPU
		{CAC01D9E-8A26-42B3-BFAC-29130B2C7ACB}.Release|Any CPU.Build.0 = Release|Any CPU
		{3EB7B123-7820-42D2-9013-B611142D102C}.Debug|Any CPU.ActiveCfg = Debug|Any CPU
		{3EB7B123-7820-42D2-9013-B611142D102C}.Debug|Any CPU.Build.0 = Debug|Any CPU
		{3EB7B123-7820-42D2-9013-B611142D102C}.Release|Any CPU.ActiveCfg = Release|Any CPU
		{3EB7B123-7820-42D2-9013-B611142D102C}.Release|Any CPU.Build.0 = Release|Any CPU
		{8B3AB59E-A626-43A3-A845-AA4868C0FFE8}.Debug|Any CPU.ActiveCfg = Debug|Any CPU
		{8B3AB59E-A626-43A3-A845-AA4868C0FFE8}.Debug|Any CPU.Build.0 = Debug|Any CPU
		{8B3AB59E-A626-43A3-A845-AA4868C0FFE8}.Release|Any CPU.ActiveCfg = Release|Any CPU
		{8B3AB59E-A626-43A3-A845-AA4868C0FFE8}.Release|Any CPU.Build.0 = Release|Any CPU
		{23C32E8D-CC46-4869-A880-396E5CEC9125}.Debug|Any CPU.ActiveCfg = Debug|Any CPU
		{23C32E8D-CC46-4869-A880-396E5CEC9125}.Debug|Any CPU.Build.0 = Debug|Any CPU
		{23C32E8D-CC46-4869-A880-396E5CEC9125}.Release|Any CPU.ActiveCfg = Release|Any CPU
		{23C32E8D-CC46-4869-A880-396E5CEC9125}.Release|Any CPU.Build.0 = Release|Any CPU
		{65E2EF9E-0959-46BC-934C-0CF49D017445}.Debug|Any CPU.ActiveCfg = Debug|Any CPU
		{65E2EF9E-0959-46BC-934C-0CF49D017445}.Debug|Any CPU.Build.0 = Debug|Any CPU
		{65E2EF9E-0959-46BC-934C-0CF49D017445}.Release|Any CPU.ActiveCfg = Release|Any CPU
		{65E2EF9E-0959-46BC-934C-0CF49D017445}.Release|Any CPU.Build.0 = Release|Any CPU
		{14AA1A81-0E99-4069-A365-3747F08C38CB}.Debug|Any CPU.ActiveCfg = Debug|Any CPU
		{14AA1A81-0E99-4069-A365-3747F08C38CB}.Debug|Any CPU.Build.0 = Debug|Any CPU
		{14AA1A81-0E99-4069-A365-3747F08C38CB}.Release|Any CPU.ActiveCfg = Release|Any CPU
		{14AA1A81-0E99-4069-A365-3747F08C38CB}.Release|Any CPU.Build.0 = Release|Any CPU
		{8C4E3E95-BC8A-4EC3-8046-2B3BDF2C1C07}.Debug|Any CPU.ActiveCfg = Debug|Any CPU
		{8C4E3E95-BC8A-4EC3-8046-2B3BDF2C1C07}.Debug|Any CPU.Build.0 = Debug|Any CPU
		{8C4E3E95-BC8A-4EC3-8046-2B3BDF2C1C07}.Release|Any CPU.ActiveCfg = Release|Any CPU
		{8C4E3E95-BC8A-4EC3-8046-2B3BDF2C1C07}.Release|Any CPU.Build.0 = Release|Any CPU
		{95756848-E357-4EDC-B171-AFF8349AF754}.Debug|Any CPU.ActiveCfg = Debug|Any CPU
		{95756848-E357-4EDC-B171-AFF8349AF754}.Debug|Any CPU.Build.0 = Debug|Any CPU
		{95756848-E357-4EDC-B171-AFF8349AF754}.Release|Any CPU.ActiveCfg = Release|Any CPU
		{95756848-E357-4EDC-B171-AFF8349AF754}.Release|Any CPU.Build.0 = Release|Any CPU
		{5109EA67-1EBB-4CCC-AC23-C08D98997381}.Debug|Any CPU.ActiveCfg = Debug|Any CPU
		{5109EA67-1EBB-4CCC-AC23-C08D98997381}.Debug|Any CPU.Build.0 = Debug|Any CPU
		{5109EA67-1EBB-4CCC-AC23-C08D98997381}.Release|Any CPU.ActiveCfg = Release|Any CPU
		{5109EA67-1EBB-4CCC-AC23-C08D98997381}.Release|Any CPU.Build.0 = Release|Any CPU
		{B531E1F3-6BEB-435F-B69E-05237E976201}.Debug|Any CPU.ActiveCfg = Debug|Any CPU
		{B531E1F3-6BEB-435F-B69E-05237E976201}.Debug|Any CPU.Build.0 = Debug|Any CPU
		{B531E1F3-6BEB-435F-B69E-05237E976201}.Release|Any CPU.ActiveCfg = Release|Any CPU
		{B531E1F3-6BEB-435F-B69E-05237E976201}.Release|Any CPU.Build.0 = Release|Any CPU
		{A0D864C7-D79F-46D9-A861-56F62C7C154A}.Debug|Any CPU.ActiveCfg = Debug|Any CPU
		{A0D864C7-D79F-46D9-A861-56F62C7C154A}.Debug|Any CPU.Build.0 = Debug|Any CPU
		{A0D864C7-D79F-46D9-A861-56F62C7C154A}.Release|Any CPU.ActiveCfg = Release|Any CPU
		{A0D864C7-D79F-46D9-A861-56F62C7C154A}.Release|Any CPU.Build.0 = Release|Any CPU
		{52665EE3-8E73-4A68-9B67-AD8F44D86F77}.Debug|Any CPU.ActiveCfg = Debug|Any CPU
		{52665EE3-8E73-4A68-9B67-AD8F44D86F77}.Debug|Any CPU.Build.0 = Debug|Any CPU
		{52665EE3-8E73-4A68-9B67-AD8F44D86F77}.Release|Any CPU.ActiveCfg = Release|Any CPU
		{52665EE3-8E73-4A68-9B67-AD8F44D86F77}.Release|Any CPU.Build.0 = Release|Any CPU
		{25E2721B-499E-4449-BAB0-E765DA39B253}.Debug|Any CPU.ActiveCfg = Debug|Any CPU
		{25E2721B-499E-4449-BAB0-E765DA39B253}.Debug|Any CPU.Build.0 = Debug|Any CPU
		{25E2721B-499E-4449-BAB0-E765DA39B253}.Release|Any CPU.ActiveCfg = Release|Any CPU
		{25E2721B-499E-4449-BAB0-E765DA39B253}.Release|Any CPU.Build.0 = Release|Any CPU
		{E48D8987-9837-4AC5-8F78-DE20490FD76E}.Debug|Any CPU.ActiveCfg = Debug|Any CPU
		{E48D8987-9837-4AC5-8F78-DE20490FD76E}.Debug|Any CPU.Build.0 = Debug|Any CPU
		{E48D8987-9837-4AC5-8F78-DE20490FD76E}.Release|Any CPU.ActiveCfg = Release|Any CPU
		{E48D8987-9837-4AC5-8F78-DE20490FD76E}.Release|Any CPU.Build.0 = Release|Any CPU
		{8F51D866-9C92-446D-8309-4B3684AB7844}.Debug|Any CPU.ActiveCfg = Debug|Any CPU
		{8F51D866-9C92-446D-8309-4B3684AB7844}.Debug|Any CPU.Build.0 = Debug|Any CPU
		{8F51D866-9C92-446D-8309-4B3684AB7844}.Release|Any CPU.ActiveCfg = Release|Any CPU
		{8F51D866-9C92-446D-8309-4B3684AB7844}.Release|Any CPU.Build.0 = Release|Any CPU
		{A1163CC7-DD1F-4FDA-A403-24E19F98AE35}.Debug|Any CPU.ActiveCfg = Debug|Any CPU
		{A1163CC7-DD1F-4FDA-A403-24E19F98AE35}.Debug|Any CPU.Build.0 = Debug|Any CPU
		{A1163CC7-DD1F-4FDA-A403-24E19F98AE35}.Release|Any CPU.ActiveCfg = Release|Any CPU
		{A1163CC7-DD1F-4FDA-A403-24E19F98AE35}.Release|Any CPU.Build.0 = Release|Any CPU
		{139ACAF6-60D7-4F55-B756-4E6AC4CA3782}.Debug|Any CPU.ActiveCfg = Debug|Any CPU
		{139ACAF6-60D7-4F55-B756-4E6AC4CA3782}.Debug|Any CPU.Build.0 = Debug|Any CPU
		{139ACAF6-60D7-4F55-B756-4E6AC4CA3782}.Release|Any CPU.ActiveCfg = Release|Any CPU
		{139ACAF6-60D7-4F55-B756-4E6AC4CA3782}.Release|Any CPU.Build.0 = Release|Any CPU
		{2F45C71F-F345-4291-A551-E50964604BAE}.Debug|Any CPU.ActiveCfg = Debug|Any CPU
		{2F45C71F-F345-4291-A551-E50964604BAE}.Debug|Any CPU.Build.0 = Debug|Any CPU
		{2F45C71F-F345-4291-A551-E50964604BAE}.Release|Any CPU.ActiveCfg = Release|Any CPU
		{2F45C71F-F345-4291-A551-E50964604BAE}.Release|Any CPU.Build.0 = Release|Any CPU
		{8CD6B30B-200C-4D3C-8258-9B01BE87E480}.Debug|Any CPU.ActiveCfg = Debug|Any CPU
		{8CD6B30B-200C-4D3C-8258-9B01BE87E480}.Debug|Any CPU.Build.0 = Debug|Any CPU
		{8CD6B30B-200C-4D3C-8258-9B01BE87E480}.Release|Any CPU.ActiveCfg = Release|Any CPU
		{8CD6B30B-200C-4D3C-8258-9B01BE87E480}.Release|Any CPU.Build.0 = Release|Any CPU
		{1FD22B42-8421-4124-94FC-37B4808570EB}.Debug|Any CPU.ActiveCfg = Debug|Any CPU
		{1FD22B42-8421-4124-94FC-37B4808570EB}.Debug|Any CPU.Build.0 = Debug|Any CPU
		{1FD22B42-8421-4124-94FC-37B4808570EB}.Release|Any CPU.ActiveCfg = Release|Any CPU
		{1FD22B42-8421-4124-94FC-37B4808570EB}.Release|Any CPU.Build.0 = Release|Any CPU
		{18F0DC14-17D2-454C-B8D7-24BC1EA31458}.Debug|Any CPU.ActiveCfg = Debug|Any CPU
		{18F0DC14-17D2-454C-B8D7-24BC1EA31458}.Debug|Any CPU.Build.0 = Debug|Any CPU
		{18F0DC14-17D2-454C-B8D7-24BC1EA31458}.Release|Any CPU.ActiveCfg = Release|Any CPU
		{18F0DC14-17D2-454C-B8D7-24BC1EA31458}.Release|Any CPU.Build.0 = Release|Any CPU
		{2C1EDAC6-8F60-4925-AB38-AD8CA8F7DA3F}.Debug|Any CPU.ActiveCfg = Debug|Any CPU
		{2C1EDAC6-8F60-4925-AB38-AD8CA8F7DA3F}.Debug|Any CPU.Build.0 = Debug|Any CPU
		{2C1EDAC6-8F60-4925-AB38-AD8CA8F7DA3F}.Release|Any CPU.ActiveCfg = Release|Any CPU
		{2C1EDAC6-8F60-4925-AB38-AD8CA8F7DA3F}.Release|Any CPU.Build.0 = Release|Any CPU
		{D5F6332B-4603-4411-90F4-14414E68918A}.Debug|Any CPU.ActiveCfg = Debug|Any CPU
		{D5F6332B-4603-4411-90F4-14414E68918A}.Debug|Any CPU.Build.0 = Debug|Any CPU
		{D5F6332B-4603-4411-90F4-14414E68918A}.Release|Any CPU.ActiveCfg = Release|Any CPU
		{D5F6332B-4603-4411-90F4-14414E68918A}.Release|Any CPU.Build.0 = Release|Any CPU
		{72695E66-CCE4-46CF-BB76-4C9F5E2D0C88}.Debug|Any CPU.ActiveCfg = Debug|Any CPU
		{72695E66-CCE4-46CF-BB76-4C9F5E2D0C88}.Debug|Any CPU.Build.0 = Debug|Any CPU
		{72695E66-CCE4-46CF-BB76-4C9F5E2D0C88}.Release|Any CPU.ActiveCfg = Release|Any CPU
		{72695E66-CCE4-46CF-BB76-4C9F5E2D0C88}.Release|Any CPU.Build.0 = Release|Any CPU
		{D9D1CE19-8152-41B5-ABD5-62FC68EDAED7}.Debug|Any CPU.ActiveCfg = Debug|Any CPU
		{D9D1CE19-8152-41B5-ABD5-62FC68EDAED7}.Debug|Any CPU.Build.0 = Debug|Any CPU
		{D9D1CE19-8152-41B5-ABD5-62FC68EDAED7}.Release|Any CPU.ActiveCfg = Release|Any CPU
		{D9D1CE19-8152-41B5-ABD5-62FC68EDAED7}.Release|Any CPU.Build.0 = Release|Any CPU
		{5EFF0BEA-12C3-4CF0-B48F-48F1B8B680D1}.Debug|Any CPU.ActiveCfg = Debug|Any CPU
		{5EFF0BEA-12C3-4CF0-B48F-48F1B8B680D1}.Debug|Any CPU.Build.0 = Debug|Any CPU
		{5EFF0BEA-12C3-4CF0-B48F-48F1B8B680D1}.Release|Any CPU.ActiveCfg = Release|Any CPU
		{5EFF0BEA-12C3-4CF0-B48F-48F1B8B680D1}.Release|Any CPU.Build.0 = Release|Any CPU
		{504D405B-BBA3-4ADC-A143-FBEBBEDA0140}.Debug|Any CPU.ActiveCfg = Debug|Any CPU
		{504D405B-BBA3-4ADC-A143-FBEBBEDA0140}.Debug|Any CPU.Build.0 = Debug|Any CPU
		{504D405B-BBA3-4ADC-A143-FBEBBEDA0140}.Release|Any CPU.ActiveCfg = Release|Any CPU
		{504D405B-BBA3-4ADC-A143-FBEBBEDA0140}.Release|Any CPU.Build.0 = Release|Any CPU
		{A854CDD9-7AD9-48EB-960F-4580D5BC2BD4}.Debug|Any CPU.ActiveCfg = Debug|Any CPU
		{A854CDD9-7AD9-48EB-960F-4580D5BC2BD4}.Debug|Any CPU.Build.0 = Debug|Any CPU
		{A854CDD9-7AD9-48EB-960F-4580D5BC2BD4}.Release|Any CPU.ActiveCfg = Release|Any CPU
		{A854CDD9-7AD9-48EB-960F-4580D5BC2BD4}.Release|Any CPU.Build.0 = Release|Any CPU
		{7FD32437-C996-4BE8-A17F-9B64DE13FAF6}.Debug|Any CPU.ActiveCfg = Debug|Any CPU
		{7FD32437-C996-4BE8-A17F-9B64DE13FAF6}.Debug|Any CPU.Build.0 = Debug|Any CPU
		{7FD32437-C996-4BE8-A17F-9B64DE13FAF6}.Release|Any CPU.ActiveCfg = Release|Any CPU
		{7FD32437-C996-4BE8-A17F-9B64DE13FAF6}.Release|Any CPU.Build.0 = Release|Any CPU
		{F4F29A89-3DE4-4CBC-8976-F1247003FCC2}.Debug|Any CPU.ActiveCfg = Debug|Any CPU
		{F4F29A89-3DE4-4CBC-8976-F1247003FCC2}.Debug|Any CPU.Build.0 = Debug|Any CPU
		{F4F29A89-3DE4-4CBC-8976-F1247003FCC2}.Release|Any CPU.ActiveCfg = Release|Any CPU
		{F4F29A89-3DE4-4CBC-8976-F1247003FCC2}.Release|Any CPU.Build.0 = Release|Any CPU
		{1B395B9A-2037-4337-AA2C-7E7ECA3709B3}.Debug|Any CPU.ActiveCfg = Debug|Any CPU
		{1B395B9A-2037-4337-AA2C-7E7ECA3709B3}.Debug|Any CPU.Build.0 = Debug|Any CPU
		{1B395B9A-2037-4337-AA2C-7E7ECA3709B3}.Release|Any CPU.ActiveCfg = Release|Any CPU
		{1B395B9A-2037-4337-AA2C-7E7ECA3709B3}.Release|Any CPU.Build.0 = Release|Any CPU
		{870096C2-8662-4E8B-A4D7-BCDBD29FBC72}.Debug|Any CPU.ActiveCfg = Debug|Any CPU
		{870096C2-8662-4E8B-A4D7-BCDBD29FBC72}.Debug|Any CPU.Build.0 = Debug|Any CPU
		{870096C2-8662-4E8B-A4D7-BCDBD29FBC72}.Release|Any CPU.ActiveCfg = Release|Any CPU
		{870096C2-8662-4E8B-A4D7-BCDBD29FBC72}.Release|Any CPU.Build.0 = Release|Any CPU
		{C923AFF3-3C6D-4EA1-A687-54694264092C}.Debug|Any CPU.ActiveCfg = Debug|Any CPU
		{C923AFF3-3C6D-4EA1-A687-54694264092C}.Debug|Any CPU.Build.0 = Debug|Any CPU
		{C923AFF3-3C6D-4EA1-A687-54694264092C}.Release|Any CPU.ActiveCfg = Release|Any CPU
		{C923AFF3-3C6D-4EA1-A687-54694264092C}.Release|Any CPU.Build.0 = Release|Any CPU
		{081C6B45-C7BA-4289-BC8A-2A5613349432}.Debug|Any CPU.ActiveCfg = Debug|Any CPU
		{081C6B45-C7BA-4289-BC8A-2A5613349432}.Debug|Any CPU.Build.0 = Debug|Any CPU
		{081C6B45-C7BA-4289-BC8A-2A5613349432}.Release|Any CPU.ActiveCfg = Release|Any CPU
		{081C6B45-C7BA-4289-BC8A-2A5613349432}.Release|Any CPU.Build.0 = Release|Any CPU
		{50C8BCF3-EFB8-4394-8A95-668FF7C2D732}.Debug|Any CPU.ActiveCfg = Debug|Any CPU
		{50C8BCF3-EFB8-4394-8A95-668FF7C2D732}.Debug|Any CPU.Build.0 = Debug|Any CPU
		{50C8BCF3-EFB8-4394-8A95-668FF7C2D732}.Release|Any CPU.ActiveCfg = Release|Any CPU
		{50C8BCF3-EFB8-4394-8A95-668FF7C2D732}.Release|Any CPU.Build.0 = Release|Any CPU
		{117B9551-739D-4B55-B744-A15AC3BD9E7C}.Debug|Any CPU.ActiveCfg = Debug|Any CPU
		{117B9551-739D-4B55-B744-A15AC3BD9E7C}.Debug|Any CPU.Build.0 = Debug|Any CPU
		{117B9551-739D-4B55-B744-A15AC3BD9E7C}.Release|Any CPU.ActiveCfg = Release|Any CPU
		{117B9551-739D-4B55-B744-A15AC3BD9E7C}.Release|Any CPU.Build.0 = Release|Any CPU
		{977EBCE4-B151-4AF0-AF7E-D55FC5843773}.Debug|Any CPU.ActiveCfg = Debug|Any CPU
		{977EBCE4-B151-4AF0-AF7E-D55FC5843773}.Debug|Any CPU.Build.0 = Debug|Any CPU
		{977EBCE4-B151-4AF0-AF7E-D55FC5843773}.Release|Any CPU.ActiveCfg = Release|Any CPU
		{977EBCE4-B151-4AF0-AF7E-D55FC5843773}.Release|Any CPU.Build.0 = Release|Any CPU
	EndGlobalSection
	GlobalSection(SolutionProperties) = preSolution
		HideSolutionNode = FALSE
	EndGlobalSection
	GlobalSection(NestedProjects) = preSolution
		{50CF913D-596E-46A8-82FB-C5A9F588A770} = {6A7BEE2B-C7C1-407C-9759-AF89317CBCDD}
		{B4A6F5B1-656C-4774-B4CB-EEDF1BEEAE04} = {7D4885CC-30D8-4261-853B-D06F10B0CDB0}
		{CAC01D9E-8A26-42B3-BFAC-29130B2C7ACB} = {7D4885CC-30D8-4261-853B-D06F10B0CDB0}
		{3EB7B123-7820-42D2-9013-B611142D102C} = {08F3AD36-3BB0-48B4-BFC6-1A8728F9A256}
		{8B3AB59E-A626-43A3-A845-AA4868C0FFE8} = {661A98C2-220A-4025-AE74-3E4024617175}
		{23C32E8D-CC46-4869-A880-396E5CEC9125} = {31736029-8CDE-4357-9637-C5C5C8BB8490}
		{65E2EF9E-0959-46BC-934C-0CF49D017445} = {31736029-8CDE-4357-9637-C5C5C8BB8490}
		{14AA1A81-0E99-4069-A365-3747F08C38CB} = {889E9790-AAB6-42EF-8C70-DEBB073F1E49}
		{8C4E3E95-BC8A-4EC3-8046-2B3BDF2C1C07} = {48445C55-FEC1-4088-A0C7-764B944FE1F4}
		{95756848-E357-4EDC-B171-AFF8349AF754} = {2863D4F1-C879-482A-B0C4-A81D5A53C5E5}
		{5109EA67-1EBB-4CCC-AC23-C08D98997381} = {C39A93D0-485B-4736-9582-888D5C2D24F3}
		{B531E1F3-6BEB-435F-B69E-05237E976201} = {B9B65E05-9F22-4FC2-A067-D191F59F4D79}
		{A0D864C7-D79F-46D9-A861-56F62C7C154A} = {48663A31-A435-4EFB-B994-A9AECD7286C4}
		{52665EE3-8E73-4A68-9B67-AD8F44D86F77} = {B3A99F30-2AAB-452E-98B0-85AF2B78EC9E}
		{25E2721B-499E-4449-BAB0-E765DA39B253} = {7DEF4F3B-B21C-4E50-8AE5-CD6001D2D00A}
		{E48D8987-9837-4AC5-8F78-DE20490FD76E} = {838002F4-A8C4-43AE-9C1B-9304832F54B2}
		{8F51D866-9C92-446D-8309-4B3684AB7844} = {7E478FD2-890D-46F9-885A-A25E1B0DF92E}
		{A1163CC7-DD1F-4FDA-A403-24E19F98AE35} = {7D4885CC-30D8-4261-853B-D06F10B0CDB0}
		{139ACAF6-60D7-4F55-B756-4E6AC4CA3782} = {E37175F7-FE53-41FB-8033-C2F349D8BB92}
		{E37175F7-FE53-41FB-8033-C2F349D8BB92} = {4BD1CD73-89CD-48B7-965D-FC142842255E}
		{2F45C71F-F345-4291-A551-E50964604BAE} = {E37175F7-FE53-41FB-8033-C2F349D8BB92}
		{8CD6B30B-200C-4D3C-8258-9B01BE87E480} = {C520D524-B5C6-4A06-B0C7-5A9EB08C2304}
		{1FD22B42-8421-4124-94FC-37B4808570EB} = {71616963-EE8F-4CE9-9CA4-30F56BE57CD5}
		{4F677DD1-3214-455A-B9A5-0E463B8B6433} = {838002F4-A8C4-43AE-9C1B-9304832F54B2}
		{18F0DC14-17D2-454C-B8D7-24BC1EA31458} = {7DEF4F3B-B21C-4E50-8AE5-CD6001D2D00A}
		{7DEF4F3B-B21C-4E50-8AE5-CD6001D2D00A} = {838002F4-A8C4-43AE-9C1B-9304832F54B2}
		{889E9790-AAB6-42EF-8C70-DEBB073F1E49} = {7D4885CC-30D8-4261-853B-D06F10B0CDB0}
		{661A98C2-220A-4025-AE74-3E4024617175} = {7D4885CC-30D8-4261-853B-D06F10B0CDB0}
		{2C1EDAC6-8F60-4925-AB38-AD8CA8F7DA3F} = {661A98C2-220A-4025-AE74-3E4024617175}
		{B9B65E05-9F22-4FC2-A067-D191F59F4D79} = {4BD1CD73-89CD-48B7-965D-FC142842255E}
		{D5F6332B-4603-4411-90F4-14414E68918A} = {B9B65E05-9F22-4FC2-A067-D191F59F4D79}
		{71616963-EE8F-4CE9-9CA4-30F56BE57CD5} = {7D4885CC-30D8-4261-853B-D06F10B0CDB0}
		{72695E66-CCE4-46CF-BB76-4C9F5E2D0C88} = {C39A93D0-485B-4736-9582-888D5C2D24F3}
		{D9D1CE19-8152-41B5-ABD5-62FC68EDAED7} = {4F677DD1-3214-455A-B9A5-0E463B8B6433}
		{48445C55-FEC1-4088-A0C7-764B944FE1F4} = {4BD1CD73-89CD-48B7-965D-FC142842255E}
		{5EFF0BEA-12C3-4CF0-B48F-48F1B8B680D1} = {4F677DD1-3214-455A-B9A5-0E463B8B6433}
		{7E478FD2-890D-46F9-885A-A25E1B0DF92E} = {838002F4-A8C4-43AE-9C1B-9304832F54B2}
		{504D405B-BBA3-4ADC-A143-FBEBBEDA0140} = {7E478FD2-890D-46F9-885A-A25E1B0DF92E}
		{A854CDD9-7AD9-48EB-960F-4580D5BC2BD4} = {4BD1CD73-89CD-48B7-965D-FC142842255E}
		{7FD32437-C996-4BE8-A17F-9B64DE13FAF6} = {DADC14FC-6BEC-4F7C-AE9F-2805A5B390D0}
		{2863D4F1-C879-482A-B0C4-A81D5A53C5E5} = {4BD1CD73-89CD-48B7-965D-FC142842255E}
		{F4F29A89-3DE4-4CBC-8976-F1247003FCC2} = {2863D4F1-C879-482A-B0C4-A81D5A53C5E5}
		{08F3AD36-3BB0-48B4-BFC6-1A8728F9A256} = {4BD1CD73-89CD-48B7-965D-FC142842255E}
		{6A7BEE2B-C7C1-407C-9759-AF89317CBCDD} = {7D4885CC-30D8-4261-853B-D06F10B0CDB0}
		{1B395B9A-2037-4337-AA2C-7E7ECA3709B3} = {08F3AD36-3BB0-48B4-BFC6-1A8728F9A256}
		{DADC14FC-6BEC-4F7C-AE9F-2805A5B390D0} = {4BD1CD73-89CD-48B7-965D-FC142842255E}
		{870096C2-8662-4E8B-A4D7-BCDBD29FBC72} = {DADC14FC-6BEC-4F7C-AE9F-2805A5B390D0}
		{C39A93D0-485B-4736-9582-888D5C2D24F3} = {4BD1CD73-89CD-48B7-965D-FC142842255E}
		{31736029-8CDE-4357-9637-C5C5C8BB8490} = {838002F4-A8C4-43AE-9C1B-9304832F54B2}
		{C520D524-B5C6-4A06-B0C7-5A9EB08C2304} = {4BD1CD73-89CD-48B7-965D-FC142842255E}
		{C923AFF3-3C6D-4EA1-A687-54694264092C} = {C520D524-B5C6-4A06-B0C7-5A9EB08C2304}
		{B3A99F30-2AAB-452E-98B0-85AF2B78EC9E} = {4BD1CD73-89CD-48B7-965D-FC142842255E}
		{081C6B45-C7BA-4289-BC8A-2A5613349432} = {B3A99F30-2AAB-452E-98B0-85AF2B78EC9E}
		{50C8BCF3-EFB8-4394-8A95-668FF7C2D732} = {48445C55-FEC1-4088-A0C7-764B944FE1F4}
		{48663A31-A435-4EFB-B994-A9AECD7286C4} = {4BD1CD73-89CD-48B7-965D-FC142842255E}
		{117B9551-739D-4B55-B744-A15AC3BD9E7C} = {48663A31-A435-4EFB-B994-A9AECD7286C4}
	EndGlobalSection
	GlobalSection(ExtensibilityGlobals) = postSolution
		SolutionGuid = {0BBE09A0-9A0F-4455-9611-EE0F51A3431C}
	EndGlobalSection
EndGlobal
